
Microsoft Visual Studio Solution File, Format Version 12.00
# Visual Studio 2012
Project("{FAE04EC0-301F-11D3-BF4B-00C04F79EFBC}") = "AccesoaDatos", "Datos\AccesoaDatos.csproj", "{FE901102-EE35-4DF7-BA00-83105B152FAE}"
EndProject
Project("{FAE04EC0-301F-11D3-BF4B-00C04F79EFBC}") = "LogicaNegocios", "Logica\LogicaNegocios.csproj", "{16B0F682-3158-4209-A333-84635751F864}"
EndProject
Project("{FAE04EC0-301F-11D3-BF4B-00C04F79EFBC}") = "Presentacion", "LibreriaAC\Presentacion.csproj", "{FAE2B366-176C-4EA2-8674-765E03E26136}"
EndProject
Global
	GlobalSection(SolutionConfigurationPlatforms) = preSolution
		Debug|Any CPU = Debug|Any CPU
		Release|Any CPU = Release|Any CPU
	EndGlobalSection
	GlobalSection(ProjectConfigurationPlatforms) = postSolution
		{FE901102-EE35-4DF7-BA00-83105B152FAE}.Debug|Any CPU.ActiveCfg = Debug|Any CPU
		{FE901102-EE35-4DF7-BA00-83105B152FAE}.Debug|Any CPU.Build.0 = Debug|Any CPU
		{FE901102-EE35-4DF7-BA00-83105B152FAE}.Release|Any CPU.ActiveCfg = Release|Any CPU
		{FE901102-EE35-4DF7-BA00-83105B152FAE}.Release|Any CPU.Build.0 = Release|Any CPU
		{16B0F682-3158-4209-A333-84635751F864}.Debug|Any CPU.ActiveCfg = Debug|Any CPU
		{16B0F682-3158-4209-A333-84635751F864}.Debug|Any CPU.Build.0 = Debug|Any CPU
		{16B0F682-3158-4209-A333-84635751F864}.Release|Any CPU.ActiveCfg = Release|Any CPU
		{16B0F682-3158-4209-A333-84635751F864}.Release|Any CPU.Build.0 = Release|Any CPU
		{FAE2B366-176C-4EA2-8674-765E03E26136}.Debug|Any CPU.ActiveCfg = Debug|Any CPU
		{FAE2B366-176C-4EA2-8674-765E03E26136}.Debug|Any CPU.Build.0 = Debug|Any CPU
		{FAE2B366-176C-4EA2-8674-765E03E26136}.Release|Any CPU.ActiveCfg = Release|Any CPU
		{FAE2B366-176C-4EA2-8674-765E03E26136}.Release|Any CPU.Build.0 = Release|Any CPU
	EndGlobalSection
	GlobalSection(SolutionProperties) = preSolution
		HideSolutionNode = FALSE
	EndGlobalSection
EndGlobal
